
Microsoft Visual Studio Solution File, Format Version 12.00
# Visual Studio 15
VisualStudioVersion = 15.0.27130.2024
MinimumVisualStudioVersion = 10.0.40219.1
Project("{8BC9CEB8-8B4A-11D0-8D11-00A0C91BC942}") = "BQUEUE", "BQUEUE\BQUEUE.vcxproj", "{7EEFB8E4-F240-43D9-AE29-F228A36C3822}"
EndProject
Global
	GlobalSection(SolutionConfigurationPlatforms) = preSolution
		Debug|x64 = Debug|x64
		Debug|x86 = Debug|x86
		Release|x64 = Release|x64
		Release|x86 = Release|x86
	EndGlobalSection
	GlobalSection(ProjectConfigurationPlatforms) = postSolution
		{7EEFB8E4-F240-43D9-AE29-F228A36C3822}.Debug|x64.ActiveCfg = Debug|x64
		{7EEFB8E4-F240-43D9-AE29-F228A36C3822}.Debug|x64.Build.0 = Debug|x64
		{7EEFB8E4-F240-43D9-AE29-F228A36C3822}.Debug|x86.ActiveCfg = Debug|Win32
		{7EEFB8E4-F240-43D9-AE29-F228A36C3822}.Debug|x86.Build.0 = Debug|Win32
		{7EEFB8E4-F240-43D9-AE29-F228A36C3822}.Release|x64.ActiveCfg = Release|x64
		{7EEFB8E4-F240-43D9-AE29-F228A36C3822}.Release|x64.Build.0 = Release|x64
		{7EEFB8E4-F240-43D9-AE29-F228A36C3822}.Release|x86.ActiveCfg = Release|Win32
		{7EEFB8E4-F240-43D9-AE29-F228A36C3822}.Release|x86.Build.0 = Release|Win32
	EndGlobalSection
	GlobalSection(SolutionProperties) = preSolution
		HideSolutionNode = FALSE
	EndGlobalSection
	GlobalSection(ExtensibilityGlobals) = postSolution
		SolutionGuid = {CD972B97-A152-443E-8456-4148779D7230}
	EndGlobalSection
EndGlobal
